{
  "name": "PaginaWeb",
  "lockfileVersion": 2,
  "requires": true,
  "packages": {
    "": {
      "dependencies": {
        "bscoords": "^2.2.0"
      }
    },
    "node_modules/bscoords": {
      "version": "2.2.0",
      "resolved": "https://registry.npmjs.org/bscoords/-/bscoords-2.2.0.tgz",
      "integrity": "sha512-b+n92JkQsnS48lGrwdh6aD03qpijwldd8LdISAGuI5GMFoX0wr+cywDWdHVHSI/Ck29obwl0Hm59913UIDCz4A=="
    }
  },
  "dependencies": {
    "bscoords": {
      "version": "2.2.0",
      "resolved": "https://registry.npmjs.org/bscoords/-/bscoords-2.2.0.tgz",
      "integrity": "sha512-b+n92JkQsnS48lGrwdh6aD03qpijwldd8LdISAGuI5GMFoX0wr+cywDWdHVHSI/Ck29obwl0Hm59913UIDCz4A=="
    }
  }
}
